
Microsoft Visual Studio Solution File, Format Version 12.00
# Visual Studio Version 17
VisualStudioVersion = 17.8.34525.116
MinimumVisualStudioVersion = 10.0.40219.1
Project("{2150E333-8FDC-42A3-9474-1A3956D46DE8}") = "src", "src", "{9F28FE5B-BE86-4A38-8534-A6555C7C53A4}"
	ProjectSection(SolutionItems) = preProject
		src\Directory.Build.props = src\Directory.Build.props
		src\Directory.Build.targets = src\Directory.Build.targets
	EndProjectSection
EndProject
Project("{2150E333-8FDC-42A3-9474-1A3956D46DE8}") = "tests", "tests", "{B71E854C-1C04-4D87-8C2C-EDF62650A9AA}"
	ProjectSection(SolutionItems) = preProject
		tests\Directory.Build.props = tests\Directory.Build.props
		tests\Directory.Build.targets = tests\Directory.Build.targets
	EndProjectSection
EndProject
Project("{9A19103F-16F7-4668-BE54-9A1E7A4F7556}") = "J2N", "src\J2N\J2N.csproj", "{BAF633B4-F83A-453E-B612-60716155A9DC}"
EndProject
Project("{9A19103F-16F7-4668-BE54-9A1E7A4F7556}") = "J2N.Tests", "tests\J2N.Tests\J2N.Tests.csproj", "{B5C3F10C-5760-4F55-9C43-9D27393F6614}"
EndProject
Project("{2150E333-8FDC-42A3-9474-1A3956D46DE8}") = ".build", ".build", "{216D6502-628E-401D-AACE-1E0687164325}"
	ProjectSection(SolutionItems) = preProject
		azure-pipelines.yml = azure-pipelines.yml
		.build\dependencies.props = .build\dependencies.props
		.build\nuget.props = .build\nuget.props
		.build\runbuild.ps1 = .build\runbuild.ps1
		.build\TestReferences.Common.targets = .build\TestReferences.Common.targets
		.build\TestTargetFramework.props = .build\TestTargetFramework.props
		version.json = version.json
		.build\version.ps1 = .build\version.ps1
	EndProjectSection
EndProject
Project("{2150E333-8FDC-42A3-9474-1A3956D46DE8}") = "azure-templates", "azure-templates", "{878BB8E3-6B5F-4600-B93F-5EA45A4E7DDA}"
	ProjectSection(SolutionItems) = preProject
		.build\azure-templates\build-pack-and-publish-libraries.yml = .build\azure-templates\build-pack-and-publish-libraries.yml
		.build\azure-templates\gitversioning-increment-and-persist-versions.yml = .build\azure-templates\gitversioning-increment-and-persist-versions.yml
		.build\azure-templates\install-dotnet-sdk.yml = .build\azure-templates\install-dotnet-sdk.yml
		.build\azure-templates\publish-nuget-packages.yml = .build\azure-templates\publish-nuget-packages.yml
		.build\azure-templates\publish-test-results-for-target-frameworks.yml = .build\azure-templates\publish-test-results-for-target-frameworks.yml
		.build\azure-templates\publish-test-results-for-test-projects.yml = .build\azure-templates\publish-test-results-for-test-projects.yml
		.build\azure-templates\publish-test-results.yml = .build\azure-templates\publish-test-results.yml
		.build\azure-templates\run-tests-on-os.yml = .build\azure-templates\run-tests-on-os.yml
		.build\azure-templates\show-all-environment-variables.yml = .build\azure-templates\show-all-environment-variables.yml
		.build\azure-templates\show-all-files.yml = .build\azure-templates\show-all-files.yml
	EndProjectSection
EndProject
Project("{2150E333-8FDC-42A3-9474-1A3956D46DE8}") = "Solution Items", "Solution Items", "{BFCFA4F8-C7D3-44C2-8734-8B6EEE90B037}"
	ProjectSection(SolutionItems) = preProject
		.gitattributes = .gitattributes
		.gitignore = .gitignore
		build = build
		build.bat = build.bat
		build.ps1 = build.ps1
		Directory.Build.props = Directory.Build.props
		Directory.Build.targets = Directory.Build.targets
		FUNDING.yml = FUNDING.yml
		NuGet.config = NuGet.config
		README.md = README.md
	EndProjectSection
EndProject
Project("{9A19103F-16F7-4668-BE54-9A1E7A4F7556}") = "J2N.TestFramework", "src\J2N.TestFramework\J2N.TestFramework.csproj", "{0DF2FF04-9778-4BB7-B46C-0D3DA3A25FA5}"
EndProject
Project("{9A19103F-16F7-4668-BE54-9A1E7A4F7556}") = "J2N.Tests.xUnit", "tests\J2N.Tests.xUnit\J2N.Tests.xUnit.csproj", "{BE5E5DC5-2687-4440-B10C-FB9A6A338CAE}"
EndProject
Project("{2150E333-8FDC-42A3-9474-1A3956D46DE8}") = "docs", "docs", "{5AE94CD7-F1E4-42B1-9B9B-C624FE4841DE}"
	ProjectSection(SolutionItems) = preProject
		docs\building-and-testing.md = docs\building-and-testing.md
		docs\make-release.md = docs\make-release.md
	EndProjectSection
EndProject
Project("{9A19103F-16F7-4668-BE54-9A1E7A4F7556}") = "J2N.TestUtilities", "src\J2N.TestUtilities\J2N.TestUtilities.csproj", "{7A2C56F9-3A26-4C69-A950-298850DF229A}"
EndProject
Project("{9A19103F-16F7-4668-BE54-9A1E7A4F7556}") = "J2N.TestUtilities.Xunit", "src\J2N.TestUtilities.Xunit\J2N.TestUtilities.Xunit.csproj", "{02576967-9E44-4598-B917-A5516F5CEEF9}"
EndProject
Project("{FAE04EC0-301F-11D3-BF4B-00C04F79EFBC}") = "J2N.TestCommon", "tests\J2N.TestCommon\J2N.TestCommon.csproj", "{BF7D5FBB-9446-4AEF-8886-61F9C0572064}"
EndProject
Global
	GlobalSection(SolutionConfigurationPlatforms) = preSolution
		Debug|Any CPU = Debug|Any CPU
		Release|Any CPU = Release|Any CPU
	EndGlobalSection
	GlobalSection(ProjectConfigurationPlatforms) = postSolution
		{BAF633B4-F83A-453E-B612-60716155A9DC}.Debug|Any CPU.ActiveCfg = Debug|Any CPU
		{BAF633B4-F83A-453E-B612-60716155A9DC}.Debug|Any CPU.Build.0 = Debug|Any CPU
		{BAF633B4-F83A-453E-B612-60716155A9DC}.Release|Any CPU.ActiveCfg = Release|Any CPU
		{BAF633B4-F83A-453E-B612-60716155A9DC}.Release|Any CPU.Build.0 = Release|Any CPU
		{B5C3F10C-5760-4F55-9C43-9D27393F6614}.Debug|Any CPU.ActiveCfg = Debug|Any CPU
		{B5C3F10C-5760-4F55-9C43-9D27393F6614}.Debug|Any CPU.Build.0 = Debug|Any CPU
		{B5C3F10C-5760-4F55-9C43-9D27393F6614}.Release|Any CPU.ActiveCfg = Release|Any CPU
		{B5C3F10C-5760-4F55-9C43-9D27393F6614}.Release|Any CPU.Build.0 = Release|Any CPU
		{0DF2FF04-9778-4BB7-B46C-0D3DA3A25FA5}.Debug|Any CPU.ActiveCfg = Debug|Any CPU
		{0DF2FF04-9778-4BB7-B46C-0D3DA3A25FA5}.Debug|Any CPU.Build.0 = Debug|Any CPU
		{0DF2FF04-9778-4BB7-B46C-0D3DA3A25FA5}.Release|Any CPU.ActiveCfg = Release|Any CPU
		{0DF2FF04-9778-4BB7-B46C-0D3DA3A25FA5}.Release|Any CPU.Build.0 = Release|Any CPU
		{BE5E5DC5-2687-4440-B10C-FB9A6A338CAE}.Debug|Any CPU.ActiveCfg = Debug|Any CPU
		{BE5E5DC5-2687-4440-B10C-FB9A6A338CAE}.Debug|Any CPU.Build.0 = Debug|Any CPU
		{BE5E5DC5-2687-4440-B10C-FB9A6A338CAE}.Release|Any CPU.ActiveCfg = Release|Any CPU
		{BE5E5DC5-2687-4440-B10C-FB9A6A338CAE}.Release|Any CPU.Build.0 = Release|Any CPU
		{7A2C56F9-3A26-4C69-A950-298850DF229A}.Debug|Any CPU.ActiveCfg = Debug|Any CPU
		{7A2C56F9-3A26-4C69-A950-298850DF229A}.Debug|Any CPU.Build.0 = Debug|Any CPU
		{7A2C56F9-3A26-4C69-A950-298850DF229A}.Release|Any CPU.ActiveCfg = Release|Any CPU
		{7A2C56F9-3A26-4C69-A950-298850DF229A}.Release|Any CPU.Build.0 = Release|Any CPU
		{02576967-9E44-4598-B917-A5516F5CEEF9}.Debug|Any CPU.ActiveCfg = Debug|Any CPU
		{02576967-9E44-4598-B917-A5516F5CEEF9}.Debug|Any CPU.Build.0 = Debug|Any CPU
		{02576967-9E44-4598-B917-A5516F5CEEF9}.Release|Any CPU.ActiveCfg = Release|Any CPU
		{02576967-9E44-4598-B917-A5516F5CEEF9}.Release|Any CPU.Build.0 = Release|Any CPU
		{BF7D5FBB-9446-4AEF-8886-61F9C0572064}.Debug|Any CPU.ActiveCfg = Debug|Any CPU
		{BF7D5FBB-9446-4AEF-8886-61F9C0572064}.Debug|Any CPU.Build.0 = Debug|Any CPU
		{BF7D5FBB-9446-4AEF-8886-61F9C0572064}.Release|Any CPU.ActiveCfg = Release|Any CPU
		{BF7D5FBB-9446-4AEF-8886-61F9C0572064}.Release|Any CPU.Build.0 = Release|Any CPU
	EndGlobalSection
	GlobalSection(SolutionProperties) = preSolution
		HideSolutionNode = FALSE
	EndGlobalSection
	GlobalSection(NestedProjects) = preSolution
		{BAF633B4-F83A-453E-B612-60716155A9DC} = {9F28FE5B-BE86-4A38-8534-A6555C7C53A4}
		{B5C3F10C-5760-4F55-9C43-9D27393F6614} = {B71E854C-1C04-4D87-8C2C-EDF62650A9AA}
		{878BB8E3-6B5F-4600-B93F-5EA45A4E7DDA} = {216D6502-628E-401D-AACE-1E0687164325}
		{0DF2FF04-9778-4BB7-B46C-0D3DA3A25FA5} = {9F28FE5B-BE86-4A38-8534-A6555C7C53A4}
		{BE5E5DC5-2687-4440-B10C-FB9A6A338CAE} = {B71E854C-1C04-4D87-8C2C-EDF62650A9AA}
		{7A2C56F9-3A26-4C69-A950-298850DF229A} = {9F28FE5B-BE86-4A38-8534-A6555C7C53A4}
		{02576967-9E44-4598-B917-A5516F5CEEF9} = {9F28FE5B-BE86-4A38-8534-A6555C7C53A4}
		{BF7D5FBB-9446-4AEF-8886-61F9C0572064} = {B71E854C-1C04-4D87-8C2C-EDF62650A9AA}
	EndGlobalSection
	GlobalSection(ExtensibilityGlobals) = postSolution
		SolutionGuid = {B477AD9F-26BF-44CF-B94C-50D89AC24836}
	EndGlobalSection
EndGlobal
